
Microsoft Visual Studio Solution File, Format Version 12.00
# Visual Studio Version 17
VisualStudioVersion = 17.4.33205.214
MinimumVisualStudioVersion = 10.0.40219.1
Project("{FAE04EC0-301F-11D3-BF4B-00C04F79EFBC}") = "MvcVideoGames", "MvcVideoGames\MvcVideoGames.csproj", "{1D82C0D7-097F-467C-8ACF-4BC738070BE2}"
EndProject
Global
	GlobalSection(SolutionConfigurationPlatforms) = preSolution
		Debug|Any CPU = Debug|Any CPU
		Release|Any CPU = Release|Any CPU
	EndGlobalSection
	GlobalSection(ProjectConfigurationPlatforms) = postSolution
		{1D82C0D7-097F-467C-8ACF-4BC738070BE2}.Debug|Any CPU.ActiveCfg = Debug|Any CPU
		{1D82C0D7-097F-467C-8ACF-4BC738070BE2}.Debug|Any CPU.Build.0 = Debug|Any CPU
		{1D82C0D7-097F-467C-8ACF-4BC738070BE2}.Release|Any CPU.ActiveCfg = Release|Any CPU
		{1D82C0D7-097F-467C-8ACF-4BC738070BE2}.Release|Any CPU.Build.0 = Release|Any CPU
	EndGlobalSection
	GlobalSection(SolutionProperties) = preSolution
		HideSolutionNode = FALSE
	EndGlobalSection
	GlobalSection(ExtensibilityGlobals) = postSolution
		SolutionGuid = {37562EE2-F2C3-446D-A301-65BB1465E0A9}
	EndGlobalSection
EndGlobal
